<?xml version="1.0" encoding="utf-8"?>
<Project ToolsVersion="4.0" xmlns="http://schemas.microsoft.com/developer/msbuild/2003">
  <ItemGroup>
    <Filter Include="Source Files">
      <UniqueIdentifier>{4FC737F1-C7A5-4376-A066-2A32D752A2FF}</UniqueIdentifier>
      <Extensions>cpp;c;cc;cxx;def;odl;idl;hpj;bat;asm;asmx</Extensions>
    </Filter>
    <Filter Include="Header Files">
      <UniqueIdentifier>{93995380-89BD-4b04-88EB-625FBE52EBFB}</UniqueIdentifier>
      <Extensions>h;hh;hpp;hxx;hm;inl;inc;ipp;xsd</Extensions>
    </Filter>
    <Filter Include="Resource Files">
      <UniqueIdentifier>{67DA6AB6-F800-4c08-8B7A-83BB121AAD01}</UniqueIdentifier>
      <Extensions>rc;ico;cur;bmp;dlg;rc2;rct;bin;rgs;gif;jpg;jpeg;jpe;resx;tiff;tif;png;wav;mfcribbon-ms</Extensions>
    </Filter>
  </ItemGroup>
  <ItemGroup>
    <None Include="Console">
      <Filter>Source Files</Filter>
    </None>
    <None Include="SnakessMaison.vcxproj.user">
      <Filter>Source Files</Filter>
    </None>
  </ItemGroup>
  <ItemGroup>
    <ClCompile Include="Console.cpp">
      <Filter>Source Files</Filter>
    </ClCompile>
    <ClCompile Include="ConsoleColor.cpp">
      <Filter>Source Files</Filter>
    </ClCompile>
    <ClCompile Include="ConsoleContext.cpp">
      <Filter>Source Files</Filter>
    </ClCompile>
    <ClCompile Include="ConsoleImage.cpp">
      <Filter>Source Files</Filter>
    </ClCompile>
    <ClCompile Include="ConsoleKeyEvent.cpp">
      <Filter>Source Files</Filter>
    </ClCompile>
    <ClCompile Include="ConsoleKeyFilterDown.cpp">
      <Filter>Source Files</Filter>
    </ClCompile>
    <ClCompile Include="ConsoleKeyFilterModifiers.cpp">
      <Filter>Source Files</Filter>
    </ClCompile>
    <ClCompile Include="ConsoleKeyFilterUp.cpp">
      <Filter>Source Files</Filter>
    </ClCompile>
    <ClCompile Include="ConsoleKeyReader.cpp">
      <Filter>Source Files</Filter>
    </ClCompile>
    <ClCompile Include="ConsoleMain.cpp">
      <Filter>Source Files</Filter>
    </ClCompile>
    <ClCompile Include="ConsoleWriter.cpp">
      <Filter>Source Files</Filter>
    </ClCompile>
    <ClCompile Include="Food.cpp">
      <Filter>Source Files</Filter>
    </ClCompile>
    <ClCompile Include="Game.cpp">
      <Filter>Source Files</Filter>
    </ClCompile>
    <ClCompile Include="Level.cpp">
      <Filter>Source Files</Filter>
    </ClCompile>
    <ClCompile Include="mainTemp.cpp">
      <Filter>Source Files</Filter>
    </ClCompile>
    <ClCompile Include="Position.cpp">
      <Filter>Source Files</Filter>
    </ClCompile>
    <ClCompile Include="PrintImage.cpp">
      <Filter>Source Files</Filter>
    </ClCompile>
    <ClCompile Include="Snake.cpp">
      <Filter>Source Files</Filter>
    </ClCompile>
    <ClCompile Include="State.cpp">
      <Filter>Source Files</Filter>
    </ClCompile>
    <ClCompile Include="StateMachine.cpp">
      <Filter>Source Files</Filter>
    </ClCompile>
    <ClCompile Include="Transition.cpp">
      <Filter>Source Files</Filter>
    </ClCompile>
    <ClCompile Include="PrintBackground.cpp">
      <Filter>Source Files</Filter>
    </ClCompile>
    <ClCompile Include="FoodFunctionalities.cpp">
      <Filter>Source Files</Filter>
    </ClCompile>
    <ClCompile Include="Direction.cpp">
      <Filter>Source Files</Filter>
    </ClCompile>
  </ItemGroup>
  <ItemGroup>
    <ClInclude Include="Console.h">
      <Filter>Source Files</Filter>
    </ClInclude>
    <ClInclude Include="ConsoleColor.h">
      <Filter>Source Files</Filter>
    </ClInclude>
    <ClInclude Include="ConsoleContext.h">
      <Filter>Source Files</Filter>
    </ClInclude>
    <ClInclude Include="ConsoleImage.h">
      <Filter>Source Files</Filter>
    </ClInclude>
    <ClInclude Include="ConsoleKeyEvent.h">
      <Filter>Source Files</Filter>
    </ClInclude>
    <ClInclude Include="ConsoleKeyFilter.h">
      <Filter>Source Files</Filter>
    </ClInclude>
    <ClInclude Include="ConsoleKeyFilterAny.h">
      <Filter>Source Files</Filter>
    </ClInclude>
    <ClInclude Include="ConsoleKeyFilterDown.h">
      <Filter>Source Files</Filter>
    </ClInclude>
    <ClInclude Include="ConsoleKeyFilterModifiers.h">
      <Filter>Source Files</Filter>
    </ClInclude>
    <ClInclude Include="ConsoleKeyFilterUp.h">
      <Filter>Source Files</Filter>
    </ClInclude>
    <ClInclude Include="ConsoleKeyReader.h">
      <Filter>Source Files</Filter>
    </ClInclude>
    <ClInclude Include="ConsoleWriter.h">
      <Filter>Source Files</Filter>
    </ClInclude>
    <ClInclude Include="ElapsedTimer.h">
      <Filter>Source Files</Filter>
    </ClInclude>
    <ClInclude Include="Food.h">
      <Filter>Source Files</Filter>
    </ClInclude>
    <ClInclude Include="Game.h">
      <Filter>Source Files</Filter>
    </ClInclude>
    <ClInclude Include="Level.h">
      <Filter>Source Files</Filter>
    </ClInclude>
    <ClInclude Include="Position.h">
      <Filter>Source Files</Filter>
    </ClInclude>
    <ClInclude Include="PrintImage.h">
      <Filter>Source Files</Filter>
    </ClInclude>
    <ClInclude Include="Snake.h">
      <Filter>Source Files</Filter>
    </ClInclude>
    <ClInclude Include="State.h">
      <Filter>Source Files</Filter>
    </ClInclude>
    <ClInclude Include="StateMachine.h">
      <Filter>Source Files</Filter>
    </ClInclude>
    <ClInclude Include="Transition.h">
      <Filter>Source Files</Filter>
    </ClInclude>
    <ClInclude Include="PrintBackground.h">
      <Filter>Header Files</Filter>
    </ClInclude>
    <ClInclude Include="FoodFunctionalities.h">
      <Filter>Source Files</Filter>
    </ClInclude>
    <ClInclude Include="Direction.h">
      <Filter>Source Files</Filter>
    </ClInclude>
  </ItemGroup>
</Project>